
Microsoft Visual Studio Solution File, Format Version 12.00
# Visual Studio Version 17
VisualStudioVersion = 17.1.32319.34
MinimumVisualStudioVersion = 10.0.40219.1
Project("{9A19103F-16F7-4668-BE54-9A1E7A4F7556}") = "ClientApp", "ClientApp\ClientApp.csproj", "{6A05EF71-700E-4A45-9F8B-132D9DD189AD}"
EndProject
Global
	GlobalSection(SolutionConfigurationPlatforms) = preSolution
		Debug|Any CPU = Debug|Any CPU
		Release|Any CPU = Release|Any CPU
	EndGlobalSection
	GlobalSection(ProjectConfigurationPlatforms) = postSolution
		{6A05EF71-700E-4A45-9F8B-132D9DD189AD}.Debug|Any CPU.ActiveCfg = Debug|Any CPU
		{6A05EF71-700E-4A45-9F8B-132D9DD189AD}.Debug|Any CPU.Build.0 = Debug|Any CPU
		{6A05EF71-700E-4A45-9F8B-132D9DD189AD}.Release|Any CPU.ActiveCfg = Release|Any CPU
		{6A05EF71-700E-4A45-9F8B-132D9DD189AD}.Release|Any CPU.Build.0 = Release|Any CPU
	EndGlobalSection
	GlobalSection(SolutionProperties) = preSolution
		HideSolutionNode = FALSE
	EndGlobalSection
	GlobalSection(ExtensibilityGlobals) = postSolution
		SolutionGuid = {E4F29693-5D52-4B37-A5CF-2E1DC8E4ABEE}
	EndGlobalSection
EndGlobal
